
Microsoft Visual Studio Solution File, Format Version 12.00
# Visual Studio Version 16
VisualStudioVersion = 16.0.31112.23
MinimumVisualStudioVersion = 10.0.40219.1
Project("{FAE04EC0-301F-11D3-BF4B-00C04F79EFBC}") = "WinFormsApp2", "WinFormsApp2\WinFormsApp2.csproj", "{4C14343B-656E-4126-9AAD-240E6B0D1EAE}"
EndProject
Global
	GlobalSection(SolutionConfigurationPlatforms) = preSolution
		Debug|Any CPU = Debug|Any CPU
		Release|Any CPU = Release|Any CPU
	EndGlobalSection
	GlobalSection(ProjectConfigurationPlatforms) = postSolution
		{4C14343B-656E-4126-9AAD-240E6B0D1EAE}.Debug|Any CPU.ActiveCfg = Debug|Any CPU
		{4C14343B-656E-4126-9AAD-240E6B0D1EAE}.Debug|Any CPU.Build.0 = Debug|Any CPU
		{4C14343B-656E-4126-9AAD-240E6B0D1EAE}.Release|Any CPU.ActiveCfg = Release|Any CPU
		{4C14343B-656E-4126-9AAD-240E6B0D1EAE}.Release|Any CPU.Build.0 = Release|Any CPU
	EndGlobalSection
	GlobalSection(SolutionProperties) = preSolution
		HideSolutionNode = FALSE
	EndGlobalSection
	GlobalSection(ExtensibilityGlobals) = postSolution
		SolutionGuid = {F6FD8A33-161B-4841-BF9A-E51B8C15FEE7}
	EndGlobalSection
EndGlobal
